
Microsoft Visual Studio Solution File, Format Version 12.00
# Visual Studio Version 17
VisualStudioVersion = 17.14.36603.0
MinimumVisualStudioVersion = 10.0.40219.1
Project("{2150E333-8FDC-42A3-9474-1A3956D46DE8}") = "Presentation", "Presentation", "{36D591C7-65C7-A0D1-1CBC-10CDE441BDC8}"
EndProject
Project("{2150E333-8FDC-42A3-9474-1A3956D46DE8}") = "Infrastructure", "Infrastructure", "{9B1DCE17-E3C6-463E-802F-A36B503AE4CC}"
EndProject
Project("{FAE04EC0-301F-11D3-BF4B-00C04F79EFBC}") = "Persistence", "Persistence\Persistence.csproj", "{C3A58BAB-58A7-47A3-BF3F-D35302E24414}"
	ProjectSection(ProjectDependencies) = postProject
		{65AC6644-0C72-46FD-9348-8B6FB2F21AC3} = {65AC6644-0C72-46FD-9348-8B6FB2F21AC3}
	EndProjectSection
EndProject
Project("{2150E333-8FDC-42A3-9474-1A3956D46DE8}") = "Core", "Core", "{2619C569-114B-4651-8DE1-B1EF9C9B58E1}"
EndProject
Project("{FAE04EC0-301F-11D3-BF4B-00C04F79EFBC}") = "Application", "Application\Application.csproj", "{65AC6644-0C72-46FD-9348-8B6FB2F21AC3}"
	ProjectSection(ProjectDependencies) = postProject
		{057AA797-1579-470B-A230-BD3EDAD006F9} = {057AA797-1579-470B-A230-BD3EDAD006F9}
	EndProjectSection
EndProject
Project("{FAE04EC0-301F-11D3-BF4B-00C04F79EFBC}") = "Domain", "Domain\Domain.csproj", "{057AA797-1579-470B-A230-BD3EDAD006F9}"
EndProject
Project("{FAE04EC0-301F-11D3-BF4B-00C04F79EFBC}") = "WebApi", "WebApi\WebApi.csproj", "{65EE2B27-658C-459A-BBC6-207E0F4D98F9}"
	ProjectSection(ProjectDependencies) = postProject
		{057AA797-1579-470B-A230-BD3EDAD006F9} = {057AA797-1579-470B-A230-BD3EDAD006F9}
		{65AC6644-0C72-46FD-9348-8B6FB2F21AC3} = {65AC6644-0C72-46FD-9348-8B6FB2F21AC3}
		{C3A58BAB-58A7-47A3-BF3F-D35302E24414} = {C3A58BAB-58A7-47A3-BF3F-D35302E24414}
	EndProjectSection
EndProject
Project("{FAE04EC0-301F-11D3-BF4B-00C04F79EFBC}") = "Application.UnitTests", "Application.UnitTests\Application.UnitTests.csproj", "{0738DD4D-A2EA-4034-8B26-42EBDFFCABE7}"
	ProjectSection(ProjectDependencies) = postProject
		{65AC6644-0C72-46FD-9348-8B6FB2F21AC3} = {65AC6644-0C72-46FD-9348-8B6FB2F21AC3}
	EndProjectSection
EndProject
Project("{FAE04EC0-301F-11D3-BF4B-00C04F79EFBC}") = "Shared", "Shared\Shared.csproj", "{034B843E-1412-4FE7-ACD1-336A9F0AF00A}"
	ProjectSection(ProjectDependencies) = postProject
		{057AA797-1579-470B-A230-BD3EDAD006F9} = {057AA797-1579-470B-A230-BD3EDAD006F9}
	EndProjectSection
EndProject
Global
	GlobalSection(SolutionConfigurationPlatforms) = preSolution
		Debug|Any CPU = Debug|Any CPU
		Release|Any CPU = Release|Any CPU
	EndGlobalSection
	GlobalSection(ProjectConfigurationPlatforms) = postSolution
		{C3A58BAB-58A7-47A3-BF3F-D35302E24414}.Debug|Any CPU.ActiveCfg = Debug|Any CPU
		{C3A58BAB-58A7-47A3-BF3F-D35302E24414}.Debug|Any CPU.Build.0 = Debug|Any CPU
		{C3A58BAB-58A7-47A3-BF3F-D35302E24414}.Release|Any CPU.ActiveCfg = Release|Any CPU
		{C3A58BAB-58A7-47A3-BF3F-D35302E24414}.Release|Any CPU.Build.0 = Release|Any CPU
		{65AC6644-0C72-46FD-9348-8B6FB2F21AC3}.Debug|Any CPU.ActiveCfg = Debug|Any CPU
		{65AC6644-0C72-46FD-9348-8B6FB2F21AC3}.Debug|Any CPU.Build.0 = Debug|Any CPU
		{65AC6644-0C72-46FD-9348-8B6FB2F21AC3}.Release|Any CPU.ActiveCfg = Release|Any CPU
		{65AC6644-0C72-46FD-9348-8B6FB2F21AC3}.Release|Any CPU.Build.0 = Release|Any CPU
		{057AA797-1579-470B-A230-BD3EDAD006F9}.Debug|Any CPU.ActiveCfg = Debug|Any CPU
		{057AA797-1579-470B-A230-BD3EDAD006F9}.Debug|Any CPU.Build.0 = Debug|Any CPU
		{057AA797-1579-470B-A230-BD3EDAD006F9}.Release|Any CPU.ActiveCfg = Release|Any CPU
		{057AA797-1579-470B-A230-BD3EDAD006F9}.Release|Any CPU.Build.0 = Release|Any CPU
		{65EE2B27-658C-459A-BBC6-207E0F4D98F9}.Debug|Any CPU.ActiveCfg = Debug|Any CPU
		{65EE2B27-658C-459A-BBC6-207E0F4D98F9}.Debug|Any CPU.Build.0 = Debug|Any CPU
		{65EE2B27-658C-459A-BBC6-207E0F4D98F9}.Release|Any CPU.ActiveCfg = Release|Any CPU
		{65EE2B27-658C-459A-BBC6-207E0F4D98F9}.Release|Any CPU.Build.0 = Release|Any CPU
		{0738DD4D-A2EA-4034-8B26-42EBDFFCABE7}.Debug|Any CPU.ActiveCfg = Debug|Any CPU
		{0738DD4D-A2EA-4034-8B26-42EBDFFCABE7}.Debug|Any CPU.Build.0 = Debug|Any CPU
		{0738DD4D-A2EA-4034-8B26-42EBDFFCABE7}.Release|Any CPU.ActiveCfg = Release|Any CPU
		{0738DD4D-A2EA-4034-8B26-42EBDFFCABE7}.Release|Any CPU.Build.0 = Release|Any CPU
		{034B843E-1412-4FE7-ACD1-336A9F0AF00A}.Debug|Any CPU.ActiveCfg = Debug|Any CPU
		{034B843E-1412-4FE7-ACD1-336A9F0AF00A}.Debug|Any CPU.Build.0 = Debug|Any CPU
		{034B843E-1412-4FE7-ACD1-336A9F0AF00A}.Release|Any CPU.ActiveCfg = Release|Any CPU
		{034B843E-1412-4FE7-ACD1-336A9F0AF00A}.Release|Any CPU.Build.0 = Release|Any CPU
	EndGlobalSection
	GlobalSection(SolutionProperties) = preSolution
		HideSolutionNode = FALSE
	EndGlobalSection
	GlobalSection(NestedProjects) = preSolution
		{C3A58BAB-58A7-47A3-BF3F-D35302E24414} = {9B1DCE17-E3C6-463E-802F-A36B503AE4CC}
		{65AC6644-0C72-46FD-9348-8B6FB2F21AC3} = {2619C569-114B-4651-8DE1-B1EF9C9B58E1}
		{057AA797-1579-470B-A230-BD3EDAD006F9} = {2619C569-114B-4651-8DE1-B1EF9C9B58E1}
		{65EE2B27-658C-459A-BBC6-207E0F4D98F9} = {36D591C7-65C7-A0D1-1CBC-10CDE441BDC8}
	EndGlobalSection
	GlobalSection(ExtensibilityGlobals) = postSolution
		SolutionGuid = {DB9B04E1-CA01-4A3D-93B2-55536F278B8B}
	EndGlobalSection
EndGlobal
